
Microsoft Visual Studio Solution File, Format Version 12.00
# Visual Studio Version 16
VisualStudioVersion = 16.0.30225.117
MinimumVisualStudioVersion = 10.0.40219.1
Project("{FAE04EC0-301F-11D3-BF4B-00C04F79EFBC}") = "MenuBuilder", "MenuBuilder\MenuBuilder.csproj", "{DAC388B0-73F5-40D8-B4A6-0C882DAB71B4}"
EndProject
Project("{FAE04EC0-301F-11D3-BF4B-00C04F79EFBC}") = "MenuBuilder-Example", "MenuBuilder-Example\MenuBuilder-Example.csproj", "{1BC4FDAF-F9E6-4BC9-A5ED-E700879DA745}"
EndProject
Global
	GlobalSection(SolutionConfigurationPlatforms) = preSolution
		Debug|Any CPU = Debug|Any CPU
		Release|Any CPU = Release|Any CPU
	EndGlobalSection
	GlobalSection(ProjectConfigurationPlatforms) = postSolution
		{DAC388B0-73F5-40D8-B4A6-0C882DAB71B4}.Debug|Any CPU.ActiveCfg = Debug|Any CPU
		{DAC388B0-73F5-40D8-B4A6-0C882DAB71B4}.Debug|Any CPU.Build.0 = Debug|Any CPU
		{DAC388B0-73F5-40D8-B4A6-0C882DAB71B4}.Release|Any CPU.ActiveCfg = Release|Any CPU
		{DAC388B0-73F5-40D8-B4A6-0C882DAB71B4}.Release|Any CPU.Build.0 = Release|Any CPU
		{1BC4FDAF-F9E6-4BC9-A5ED-E700879DA745}.Debug|Any CPU.ActiveCfg = Debug|Any CPU
		{1BC4FDAF-F9E6-4BC9-A5ED-E700879DA745}.Debug|Any CPU.Build.0 = Debug|Any CPU
		{1BC4FDAF-F9E6-4BC9-A5ED-E700879DA745}.Release|Any CPU.ActiveCfg = Release|Any CPU
		{1BC4FDAF-F9E6-4BC9-A5ED-E700879DA745}.Release|Any CPU.Build.0 = Release|Any CPU
	EndGlobalSection
	GlobalSection(SolutionProperties) = preSolution
		HideSolutionNode = FALSE
	EndGlobalSection
	GlobalSection(ExtensibilityGlobals) = postSolution
		SolutionGuid = {A57F7B40-F607-43DA-BA15-85700DD57C13}
	EndGlobalSection
EndGlobal
